
Microsoft Visual Studio Solution File, Format Version 12.00
# Visual Studio Version 17
VisualStudioVersion = 17.4.33213.308
MinimumVisualStudioVersion = 10.0.40219.1
Project("{9A19103F-16F7-4668-BE54-9A1E7A4F7556}") = "AddressBookPL", "AddressBookPL\AddressBookPL.csproj", "{B3AFD771-DC45-4290-90A2-1C96409C5B3F}"
EndProject
Project("{9A19103F-16F7-4668-BE54-9A1E7A4F7556}") = "AddresBookEL", "AddresBookEL\AddresBookEL.csproj", "{63C4AE0B-6CB0-4477-90F6-F8C2181064D9}"
EndProject
Project("{9A19103F-16F7-4668-BE54-9A1E7A4F7556}") = "AddressBookDL", "AddressBookDAL\AddressBookDL.csproj", "{8EDC08D3-B089-4D7B-84B3-DB30914D3144}"
EndProject
Project("{9A19103F-16F7-4668-BE54-9A1E7A4F7556}") = "AddressBookBL", "AddressBookBL\AddressBookBL.csproj", "{D11527D4-25B4-4FDE-A967-E2021EE87BEB}"
EndProject
Project("{9A19103F-16F7-4668-BE54-9A1E7A4F7556}") = "AddressBookNeighborhoodsLoad", "AddressBookNeighborhoodsLoad\AddressBookNeighborhoodsLoad.csproj", "{51D89E7E-5E8F-41A2-A29E-104D7E7E2943}"
EndProject
Global
	GlobalSection(SolutionConfigurationPlatforms) = preSolution
		Debug|Any CPU = Debug|Any CPU
		Release|Any CPU = Release|Any CPU
	EndGlobalSection
	GlobalSection(ProjectConfigurationPlatforms) = postSolution
		{B3AFD771-DC45-4290-90A2-1C96409C5B3F}.Debug|Any CPU.ActiveCfg = Debug|Any CPU
		{B3AFD771-DC45-4290-90A2-1C96409C5B3F}.Debug|Any CPU.Build.0 = Debug|Any CPU
		{B3AFD771-DC45-4290-90A2-1C96409C5B3F}.Release|Any CPU.ActiveCfg = Release|Any CPU
		{B3AFD771-DC45-4290-90A2-1C96409C5B3F}.Release|Any CPU.Build.0 = Release|Any CPU
		{63C4AE0B-6CB0-4477-90F6-F8C2181064D9}.Debug|Any CPU.ActiveCfg = Debug|Any CPU
		{63C4AE0B-6CB0-4477-90F6-F8C2181064D9}.Debug|Any CPU.Build.0 = Debug|Any CPU
		{63C4AE0B-6CB0-4477-90F6-F8C2181064D9}.Release|Any CPU.ActiveCfg = Release|Any CPU
		{63C4AE0B-6CB0-4477-90F6-F8C2181064D9}.Release|Any CPU.Build.0 = Release|Any CPU
		{8EDC08D3-B089-4D7B-84B3-DB30914D3144}.Debug|Any CPU.ActiveCfg = Debug|Any CPU
		{8EDC08D3-B089-4D7B-84B3-DB30914D3144}.Debug|Any CPU.Build.0 = Debug|Any CPU
		{8EDC08D3-B089-4D7B-84B3-DB30914D3144}.Release|Any CPU.ActiveCfg = Release|Any CPU
		{8EDC08D3-B089-4D7B-84B3-DB30914D3144}.Release|Any CPU.Build.0 = Release|Any CPU
		{D11527D4-25B4-4FDE-A967-E2021EE87BEB}.Debug|Any CPU.ActiveCfg = Debug|Any CPU
		{D11527D4-25B4-4FDE-A967-E2021EE87BEB}.Debug|Any CPU.Build.0 = Debug|Any CPU
		{D11527D4-25B4-4FDE-A967-E2021EE87BEB}.Release|Any CPU.ActiveCfg = Release|Any CPU
		{D11527D4-25B4-4FDE-A967-E2021EE87BEB}.Release|Any CPU.Build.0 = Release|Any CPU
		{51D89E7E-5E8F-41A2-A29E-104D7E7E2943}.Debug|Any CPU.ActiveCfg = Debug|Any CPU
		{51D89E7E-5E8F-41A2-A29E-104D7E7E2943}.Debug|Any CPU.Build.0 = Debug|Any CPU
		{51D89E7E-5E8F-41A2-A29E-104D7E7E2943}.Release|Any CPU.ActiveCfg = Release|Any CPU
		{51D89E7E-5E8F-41A2-A29E-104D7E7E2943}.Release|Any CPU.Build.0 = Release|Any CPU
	EndGlobalSection
	GlobalSection(SolutionProperties) = preSolution
		HideSolutionNode = FALSE
	EndGlobalSection
	GlobalSection(ExtensibilityGlobals) = postSolution
		SolutionGuid = {DEC4EEF9-740E-4819-836D-B9CC3A1FB244}
	EndGlobalSection
EndGlobal
